
Microsoft Visual Studio Solution File, Format Version 12.00
# Visual Studio Version 16
VisualStudioVersion = 16.0.31424.327
MinimumVisualStudioVersion = 10.0.40219.1
Project("{FAE04EC0-301F-11D3-BF4B-00C04F79EFBC}") = "CompanyEmployees", "CompanyEmployees\CompanyEmployees.csproj", "{526DCE32-7B47-4428-8B3A-9706C0D46DBD}"
EndProject
Project("{FAE04EC0-301F-11D3-BF4B-00C04F79EFBC}") = "Contracts", "Contracts\Contracts.csproj", "{029D94A4-7C93-42DB-ABE8-EE20FF06EC2E}"
EndProject
Project("{FAE04EC0-301F-11D3-BF4B-00C04F79EFBC}") = "LoggerService", "LoggerService\LoggerService.csproj", "{78071A0F-8C6E-4DBB-87D7-07C2BAD3D63F}"
EndProject
Project("{FAE04EC0-301F-11D3-BF4B-00C04F79EFBC}") = "Entities", "Entities\Entities.csproj", "{5AFC254F-8D25-4E65-916D-656CF04F22A6}"
EndProject
Project("{FAE04EC0-301F-11D3-BF4B-00C04F79EFBC}") = "Repository", "Repository\Repository.csproj", "{94C88187-92E0-4109-B5EF-13B0AE6B9EB1}"
EndProject
Global
	GlobalSection(SolutionConfigurationPlatforms) = preSolution
		Debug|Any CPU = Debug|Any CPU
		Release|Any CPU = Release|Any CPU
	EndGlobalSection
	GlobalSection(ProjectConfigurationPlatforms) = postSolution
		{526DCE32-7B47-4428-8B3A-9706C0D46DBD}.Debug|Any CPU.ActiveCfg = Debug|Any CPU
		{526DCE32-7B47-4428-8B3A-9706C0D46DBD}.Debug|Any CPU.Build.0 = Debug|Any CPU
		{526DCE32-7B47-4428-8B3A-9706C0D46DBD}.Release|Any CPU.ActiveCfg = Release|Any CPU
		{526DCE32-7B47-4428-8B3A-9706C0D46DBD}.Release|Any CPU.Build.0 = Release|Any CPU
		{029D94A4-7C93-42DB-ABE8-EE20FF06EC2E}.Debug|Any CPU.ActiveCfg = Debug|Any CPU
		{029D94A4-7C93-42DB-ABE8-EE20FF06EC2E}.Debug|Any CPU.Build.0 = Debug|Any CPU
		{029D94A4-7C93-42DB-ABE8-EE20FF06EC2E}.Release|Any CPU.ActiveCfg = Release|Any CPU
		{029D94A4-7C93-42DB-ABE8-EE20FF06EC2E}.Release|Any CPU.Build.0 = Release|Any CPU
		{78071A0F-8C6E-4DBB-87D7-07C2BAD3D63F}.Debug|Any CPU.ActiveCfg = Debug|Any CPU
		{78071A0F-8C6E-4DBB-87D7-07C2BAD3D63F}.Debug|Any CPU.Build.0 = Debug|Any CPU
		{78071A0F-8C6E-4DBB-87D7-07C2BAD3D63F}.Release|Any CPU.ActiveCfg = Release|Any CPU
		{78071A0F-8C6E-4DBB-87D7-07C2BAD3D63F}.Release|Any CPU.Build.0 = Release|Any CPU
		{5AFC254F-8D25-4E65-916D-656CF04F22A6}.Debug|Any CPU.ActiveCfg = Debug|Any CPU
		{5AFC254F-8D25-4E65-916D-656CF04F22A6}.Debug|Any CPU.Build.0 = Debug|Any CPU
		{5AFC254F-8D25-4E65-916D-656CF04F22A6}.Release|Any CPU.ActiveCfg = Release|Any CPU
		{5AFC254F-8D25-4E65-916D-656CF04F22A6}.Release|Any CPU.Build.0 = Release|Any CPU
		{94C88187-92E0-4109-B5EF-13B0AE6B9EB1}.Debug|Any CPU.ActiveCfg = Debug|Any CPU
		{94C88187-92E0-4109-B5EF-13B0AE6B9EB1}.Debug|Any CPU.Build.0 = Debug|Any CPU
		{94C88187-92E0-4109-B5EF-13B0AE6B9EB1}.Release|Any CPU.ActiveCfg = Release|Any CPU
		{94C88187-92E0-4109-B5EF-13B0AE6B9EB1}.Release|Any CPU.Build.0 = Release|Any CPU
	EndGlobalSection
	GlobalSection(SolutionProperties) = preSolution
		HideSolutionNode = FALSE
	EndGlobalSection
	GlobalSection(ExtensibilityGlobals) = postSolution
		SolutionGuid = {60729A17-F657-4326-AF39-87AB016596C2}
	EndGlobalSection
EndGlobal
